// !$*UTF8*$!
{
	archiveVersion = 1;
	classes = {
	};
	objectVersion = 46;
	objects = {

/* Begin PBXBuildFile section */
		A5A7A4F01CA7989E0093E21E /* AppDelegate.swift in Sources */ = {isa = PBXBuildFile; fileRef = A5A7A4EF1CA7989E0093E21E /* AppDelegate.swift */; };
		A5A7A4F21CA7989E0093E21E /* ViewController.swift in Sources */ = {isa = PBXBuildFile; fileRef = A5A7A4F11CA7989E0093E21E /* ViewController.swift */; };
		A5A7A4F51CA7989E0093E21E /* Main.storyboard in Resources */ = {isa = PBXBuildFile; fileRef = A5A7A4F31CA7989E0093E21E /* Main.storyboard */; };
		A5A7A4F71CA7989E0093E21E /* Assets.xcassets in Resources */ = {isa = PBXBuildFile; fileRef = A5A7A4F61CA7989E0093E21E /* Assets.xcassets */; };
		A5A7A4FA1CA7989E0093E21E /* LaunchScreen.storyboard in Resources */ = {isa = PBXBuildFile; fileRef = A5A7A4F81CA7989E0093E21E /* LaunchScreen.storyboard */; };
		A5A7A5051CA7989E0093E21E /* GasStationsAppSwiftTests.swift in Sources */ = {isa = PBXBuildFile; fileRef = A5A7A5041CA7989E0093E21E /* GasStationsAppSwiftTests.swift */; };
		A5A7A5101CA7989F0093E21E /* GasStationsAppSwiftUITests.swift in Sources */ = {isa = PBXBuildFile; fileRef = A5A7A50F1CA7989F0093E21E /* GasStationsAppSwiftUITests.swift */; };
/* End PBXBuildFile section */

/* Begin PBXContainerItemProxy section */
		A5A7A5011CA7989E0093E21E /* PBXContainerItemProxy */ = {
			isa = PBXContainerItemProxy;
			containerPortal = A5A7A4E41CA7989E0093E21E /* Project object */;
			proxyType = 1;
			remoteGlobalIDString = A5A7A4EB1CA7989E0093E21E;
			remoteInfo = GasStationsAppSwift;
		};
		A5A7A50C1CA7989F0093E21E /* PBXContainerItemProxy */ = {
			isa = PBXContainerItemProxy;
			containerPortal = A5A7A4E41CA7989E0093E21E /* Project object */;
			proxyType = 1;
			remoteGlobalIDString = A5A7A4EB1CA7989E0093E21E;
			remoteInfo = GasStationsAppSwift;
		};
/* End PBXContainerItemProxy section */

/* Begin PBXFileReference section */
		A5A7A4EC1CA7989E0093E21E /* GasStationsAppSwift.app */ = {isa = PBXFileReference; explicitFileType = wrapper.application; includeInIndex = 0; path = GasStationsAppSwift.app; sourceTree = BUILT_PRODUCTS_DIR; };
		A5A7A4EF1CA7989E0093E21E /* AppDelegate.swift */ = {isa = PBXFileReference; lastKnownFileType = sourcecode.swift; path = AppDelegate.swift; sourceTree = "<group>"; };
		A5A7A4F11CA7989E0093E21E /* ViewController.swift */ = {isa = PBXFileReference; lastKnownFileType = sourcecode.swift; path = ViewController.swift; sourceTree = "<group>"; };
		A5A7A4F41CA7989E0093E21E /* Base */ = {isa = PBXFileReference; lastKnownFileType = file.storyboard; name = Base; path = Base.lproj/Main.storyboard; sourceTree = "<group>"; };
		A5A7A4F61CA7989E0093E21E /* Assets.xcassets */ = {isa = PBXFileReference; lastKnownFileType = folder.assetcatalog; path = Assets.xcassets; sourceTree = "<group>"; };
		A5A7A4F91CA7989E0093E21E /* Base */ = {isa = PBXFileReference; lastKnownFileType = file.storyboard; name = Base; path = Base.lproj/LaunchScreen.storyboard; sourceTree = "<group>"; };
		A5A7A4FB1CA7989E0093E21E /* Info.plist */ = {isa = PBXFileReference; lastKnownFileType = text.plist.xml; path = Info.plist; sourceTree = "<group>"; };
		A5A7A5001CA7989E0093E21E /* GasStationsAppSwiftTests.xctest */ = {isa = PBXFileReference; explicitFileType = wrapper.cfbundle; includeInIndex = 0; path = GasStationsAppSwiftTests.xctest; sourceTree = BUILT_PRODUCTS_DIR; };
		A5A7A5041CA7989E0093E21E /* GasStationsAppSwiftTests.swift */ = {isa = PBXFileReference; lastKnownFileType = sourcecode.swift; path = GasStationsAppSwiftTests.swift; sourceTree = "<group>"; };
		A5A7A5061CA7989E0093E21E /* Info.plist */ = {isa = PBXFileReference; lastKnownFileType = text.plist.xml; path = Info.plist; sourceTree = "<group>"; };
		A5A7A50B1CA7989F0093E21E /* GasStationsAppSwiftUITests.xctest */ = {isa = PBXFileReference; explicitFileType = wrapper.cfbundle; includeInIndex = 0; path = GasStationsAppSwiftUITests.xctest; sourceTree = BUILT_PRODUCTS_DIR; };
		A5A7A50F1CA7989F0093E21E /* GasStationsAppSwiftUITests.swift */ = {isa = PBXFileReference; lastKnownFileType = sourcecode.swift; path = GasStationsAppSwiftUITests.swift; sourceTree = "<group>"; };
		A5A7A5111CA7989F0093E21E /* Info.plist */ = {isa = PBXFileReference; lastKnownFileType = text.plist.xml; path = Info.plist; sourceTree = "<group>"; };
/* End PBXFileReference section */

/* Begin PBXFrameworksBuildPhase section */
		A5A7A4E91CA7989E0093E21E /* Frameworks */ = {
			isa = PBXFrameworksBuildPhase;
			buildActionMask = 2147483647;
			files = (
			);
			runOnlyForDeploymentPostprocessing = 0;
		};
		A5A7A4FD1CA7989E0093E21E /* Frameworks */ = {
			isa = PBXFrameworksBuildPhase;
			buildActionMask = 2147483647;
			files = (
			);
			runOnlyForDeploymentPostprocessing = 0;
		};
		A5A7A5081CA7989F0093E21E /* Frameworks */ = {
			isa = PBXFrameworksBuildPhase;
			buildActionMask = 2147483647;
			files = (
			);
			runOnlyForDeploymentPostprocessing = 0;
		};
/* End PBXFrameworksBuildPhase section */

/* Begin PBXGroup section */
		A5A7A4E31CA7989E0093E21E = {
			isa = PBXGroup;
			children = (
				A5A7A4EE1CA7989E0093E21E /* GasStationsAppSwift */,
				A5A7A5031CA7989E0093E21E /* GasStationsAppSwiftTests */,
				A5A7A50E1CA7989F0093E21E /* GasStationsAppSwiftUITests */,
				A5A7A4ED1CA7989E0093E21E /* Products */,
			);
			sourceTree = "<group>";
		};
		A5A7A4ED1CA7989E0093E21E /* Products */ = {
			isa = PBXGroup;
			children = (
				A5A7A4EC1CA7989E0093E21E /* GasStationsAppSwift.app */,
				A5A7A5001CA7989E0093E21E /* GasStationsAppSwiftTests.xctest */,
				A5A7A50B1CA7989F0093E21E /* GasStationsAppSwiftUITests.xctest */,
			);
			name = Products;
			sourceTree = "<group>";
		};
		A5A7A4EE1CA7989E0093E21E /* GasStationsAppSwift */ = {
			isa = PBXGroup;
			children = (
				A5A7A4EF1CA7989E0093E21E /* AppDelegate.swift */,
				A5A7A4F11CA7989E0093E21E /* ViewController.swift */,
				A5A7A4F31CA7989E0093E21E /* Main.storyboard */,
				A5A7A4F61CA7989E0093E21E /* Assets.xcassets */,
				A5A7A4F81CA7989E0093E21E /* LaunchScreen.storyboard */,
				A5A7A4FB1CA7989E0093E21E /* Info.plist */,
			);
			path = GasStationsAppSwift;
			sourceTree = "<group>";
		};
		A5A7A5031CA7989E0093E21E /* GasStationsAppSwiftTests */ = {
			isa = PBXGroup;
			children = (
				A5A7A5041CA7989E0093E21E /* GasStationsAppSwiftTests.swift */,
				A5A7A5061CA7989E0093E21E /* Info.plist */,
			);
			path = GasStationsAppSwiftTests;
			sourceTree = "<group>";
		};
		A5A7A50E1CA7989F0093E21E /* GasStationsAppSwiftUITests */ = {
			isa = PBXGroup;
			children = (
				A5A7A50F1CA7989F0093E21E /* GasStationsAppSwiftUITests.swift */,
				A5A7A5111CA7989F0093E21E /* Info.plist */,
			);
			path = GasStationsAppSwiftUITests;
			sourceTree = "<group>";
		};
/* End PBXGroup section */

/* Begin PBXNativeTarget section */
		A5A7A4EB1CA7989E0093E21E /* GasStationsAppSwift */ = {
			isa = PBXNativeTarget;
			buildConfigurationList = A5A7A5141CA7989F0093E21E /* Build configuration list for PBXNativeTarget "GasStationsAppSwift" */;
			buildPhases = (
				A5A7A4E81CA7989E0093E21E /* Sources */,
				A5A7A4E91CA7989E0093E21E /* Frameworks */,
				A5A7A4EA1CA7989E0093E21E /* Resources */,
			);
			buildRules = (
			);
			dependencies = (
			);
			name = GasStationsAppSwift;
			productName = GasStationsAppSwift;
			productReference = A5A7A4EC1CA7989E0093E21E /* GasStationsAppSwift.app */;
			productType = "com.apple.product-type.application";
		};
		A5A7A4FF1CA7989E0093E21E /* GasStationsAppSwiftTests */ = {
			isa = PBXNativeTarget;
			buildConfigurationList = A5A7A5171CA7989F0093E21E /* Build configuration list for PBXNativeTarget "GasStationsAppSwiftTests" */;
			buildPhases = (
				A5A7A4FC1CA7989E0093E21E /* Sources */,
				A5A7A4FD1CA7989E0093E21E /* Frameworks */,
				A5A7A4FE1CA7989E0093E21E /* Resources */,
			);
			buildRules = (
			);
			dependencies = (
				A5A7A5021CA7989E0093E21E /* PBXTargetDependency */,
			);
			name = GasStationsAppSwiftTests;
			productName = GasStationsAppSwiftTests;
			productReference = A5A7A5001CA7989E0093E21E /* GasStationsAppSwiftTests.xctest */;
			productType = "com.apple.product-type.bundle.unit-test";
		};
		A5A7A50A1CA7989F0093E21E /* GasStationsAppSwiftUITests */ = {
			isa = PBXNativeTarget;
			buildConfigurationList = A5A7A51A1CA7989F0093E21E /* Build configuration list for PBXNativeTarget "GasStationsAppSwiftUITests" */;
			buildPhases = (
				A5A7A5071CA7989F0093E21E /* Sources */,
				A5A7A5081CA7989F0093E21E /* Frameworks */,
				A5A7A5091CA7989F0093E21E /* Resources */,
			);
			buildRules = (
			);
			dependencies = (
				A5A7A50D1CA7989F0093E21E /* PBXTargetDependency */,
			);
			name = GasStationsAppSwiftUITests;
			productName = GasStationsAppSwiftUITests;
			productReference = A5A7A50B1CA7989F0093E21E /* GasStationsAppSwiftUITests.xctest */;
			productType = "com.apple.product-type.bundle.ui-testing";
		};
/* End PBXNativeTarget section */

/* Begin PBXProject section */
		A5A7A4E41CA7989E0093E21E /* Project object */ = {
			isa = PBXProject;
			attributes = {
				LastSwiftUpdateCheck = 0730;
				LastUpgradeCheck = 0730;
				ORGANIZATIONNAME = "Alfredo Lopez";
				TargetAttributes = {
					A5A7A4EB1CA7989E0093E21E = {
						CreatedOnToolsVersion = 7.3;
					};
					A5A7A4FF1CA7989E0093E21E = {
						CreatedOnToolsVersion = 7.3;
						TestTargetID = A5A7A4EB1CA7989E0093E21E;
					};
					A5A7A50A1CA7989F0093E21E = {
						CreatedOnToolsVersion = 7.3;
						TestTargetID = A5A7A4EB1CA7989E0093E21E;
					};
				};
			};
			buildConfigurationList = A5A7A4E71CA7989E0093E21E /* Build configuration list for PBXProject "GasStationsAppSwift" */;
			compatibilityVersion = "Xcode 3.2";
			developmentRegion = English;
			hasScannedForEncodings = 0;
			knownRegions = (
				en,
				Base,
			);
			mainGroup = A5A7A4E31CA7989E0093E21E;
			productRefGroup = A5A7A4ED1CA7989E0093E21E /* Products */;
			projectDirPath = "";
			projectRoot = "";
			targets = (
				A5A7A4EB1CA7989E0093E21E /* GasStationsAppSwift */,
				A5A7A4FF1CA7989E0093E21E /* GasStationsAppSwiftTests */,
				A5A7A50A1CA7989F0093E21E /* GasStationsAppSwiftUITests */,
			);
		};
/* End PBXProject section */

/* Begin PBXResourcesBuildPhase section */
		A5A7A4EA1CA7989E0093E21E /* Resources */ = {
			isa = PBXResourcesBuildPhase;
			buildActionMask = 2147483647;
			files = (
				A5A7A4FA1CA7989E0093E21E /* LaunchScreen.storyboard in Resources */,
				A5A7A4F71CA7989E0093E21E /* Assets.xcassets in Resources */,
				A5A7A4F51CA7989E0093E21E /* Main.storyboard in Resources */,
			);
			runOnlyForDeploymentPostprocessing = 0;
		};
		A5A7A4FE1CA7989E0093E21E /* Resources */ = {
			isa = PBXResourcesBuildPhase;
			buildActionMask = 2147483647;
			files = (
			);
			runOnlyForDeploymentPostprocessing = 0;
		};
		A5A7A5091CA7989F0093E21E /* Resources */ = {
			isa = PBXResourcesBuildPhase;
			buildActionMask = 2147483647;
			files = (
			);
			runOnlyForDeploymentPostprocessing = 0;
		};
/* End PBXResourcesBuildPhase section */

/* Begin PBXSourcesBuildPhase section */
		A5A7A4E81CA7989E0093E21E /* Sources */ = {
			isa = PBXSourcesBuildPhase;
			buildActionMask = 2147483647;
			files = (
				A5A7A4F21CA7989E0093E21E /* ViewController.swift in Sources */,
				A5A7A4F01CA7989E0093E21E /* AppDelegate.swift in Sources */,
			);
			runOnlyForDeploymentPostprocessing = 0;
		};
		A5A7A4FC1CA7989E0093E21E /* Sources */ = {
			isa = PBXSourcesBuildPhase;
			buildActionMask = 2147483647;
			files = (
				A5A7A5051CA7989E0093E21E /* GasStationsAppSwiftTests.swift in Sources */,
			);
			runOnlyForDeploymentPostprocessing = 0;
		};
		A5A7A5071CA7989F0093E21E /* Sources */ = {
			isa = PBXSourcesBuildPhase;
			buildActionMask = 2147483647;
			files = (
				A5A7A5101CA7989F0093E21E /* GasStationsAppSwiftUITests.swift in Sources */,
			);
			runOnlyForDeploymentPostprocessing = 0;
		};
/* End PBXSourcesBuildPhase section */

/* Begin PBXTargetDependency section */
		A5A7A5021CA7989E0093E21E /* PBXTargetDependency */ = {
			isa = PBXTargetDependency;
			target = A5A7A4EB1CA7989E0093E21E /* GasStationsAppSwift */;
			targetProxy = A5A7A5011CA7989E0093E21E /* PBXContainerItemProxy */;
		};
		A5A7A50D1CA7989F0093E21E /* PBXTargetDependency */ = {
			isa = PBXTargetDependency;
			target = A5A7A4EB1CA7989E0093E21E /* GasStationsAppSwift */;
			targetProxy = A5A7A50C1CA7989F0093E21E /* PBXContainerItemProxy */;
		};
/* End PBXTargetDependency section */

/* Begin PBXVariantGroup section */
		A5A7A4F31CA7989E0093E21E /* Main.storyboard */ = {
			isa = PBXVariantGroup;
			children = (
				A5A7A4F41CA7989E0093E21E /* Base */,
			);
			name = Main.storyboard;
			sourceTree = "<group>";
		};
		A5A7A4F81CA7989E0093E21E /* LaunchScreen.storyboard */ = {
			isa = PBXVariantGroup;
			children = (
				A5A7A4F91CA7989E0093E21E /* Base */,
			);
			name = LaunchScreen.storyboard;
			sourceTree = "<group>";
		};
/* End PBXVariantGroup section */

/* Begin XCBuildConfiguration section */
		A5A7A5121CA7989F0093E21E /* Debug */ = {
			isa = XCBuildConfiguration;
			buildSettings = {
				ALWAYS_SEARCH_USER_PATHS = NO;
				CLANG_ANALYZER_NONNULL = YES;
				CLANG_CXX_LANGUAGE_STANDARD = "gnu++0x";
				CLANG_CXX_LIBRARY = "libc++";
				CLANG_ENABLE_MODULES = YES;
				CLANG_ENABLE_OBJC_ARC = YES;
				CLANG_WARN_BOOL_CONVERSION = YES;
				CLANG_WARN_CONSTANT_CONVERSION = YES;
				CLANG_WARN_DIRECT_OBJC_ISA_USAGE = YES_ERROR;
				CLANG_WARN_EMPTY_BODY = YES;
				CLANG_WARN_ENUM_CONVERSION = YES;
				CLANG_WARN_INT_CONVERSION = YES;
				CLANG_WARN_OBJC_ROOT_CLASS = YES_ERROR;
				CLANG_WARN_UNREACHABLE_CODE = YES;
				CLANG_WARN__DUPLICATE_METHOD_MATCH = YES;
				"CODE_SIGN_IDENTITY[sdk=iphoneos*]" = "iPhone Developer";
				COPY_PHASE_STRIP = NO;
				DEBUG_INFORMATION_FORMAT = dwarf;
				ENABLE_STRICT_OBJC_MSGSEND = YES;
				ENABLE_TESTABILITY = YES;
				GCC_C_LANGUAGE_STANDARD = gnu99;
				GCC_DYNAMIC_NO_PIC = NO;
				GCC_NO_COMMON_BLOCKS = YES;
				GCC_OPTIMIZATION_LEVEL = 0;
				GCC_PREPROCESSOR_DEFINITIONS = (
					"DEBUG=1",
					"$(inherited)",
				);
				GCC_WARN_64_TO_32_BIT_CONVERSION = YES;
				GCC_WARN_ABOUT_RETURN_TYPE = YES_ERROR;
				GCC_WARN_UNDECLARED_SELECTOR = YES;
				GCC_WARN_UNINITIALIZED_AUTOS = YES_AGGRESSIVE;
				GCC_WARN_UNUSED_FUNCTION = YES;
				GCC_WARN_UNUSED_VARIABLE = YES;
				IPHONEOS_DEPLOYMENT_TARGET = 9.3;
				MTL_ENABLE_DEBUG_INFO = YES;
				ONLY_ACTIVE_ARCH = YES;
				SDKROOT = iphoneos;
				SWIFT_OPTIMIZATION_LEVEL = "-Onone";
			};
			name = Debug;
		};
		A5A7A5131CA7989F0093E21E /* Release */ = {
			isa = XCBuildConfiguration;
			buildSettings = {
				ALWAYS_SEARCH_USER_PATHS = NO;
				CLANG_ANALYZER_NONNULL = YES;
				CLANG_CXX_LANGUAGE_STANDARD = "gnu++0x";
				CLANG_CXX_LIBRARY = "libc++";
				CLANG_ENABLE_MODULES = YES;
				CLANG_ENABLE_OBJC_ARC = YES;
				CLANG_WARN_BOOL_CONVERSION = YES;
				CLANG_WARN_CONSTANT_CONVERSION = YES;
				CLANG_WARN_DIRECT_OBJC_ISA_USAGE = YES_ERROR;
				CLANG_WARN_EMPTY_BODY = YES;
				CLANG_WARN_ENUM_CONVERSION = YES;
				CLANG_WARN_INT_CONVERSION = YES;
				CLANG_WARN_OBJC_ROOT_CLASS = YES_ERROR;
				CLANG_WARN_UNREACHABLE_CODE = YES;
				CLANG_WARN__DUPLICATE_METHOD_MATCH = YES;
				"CODE_SIGN_IDENTITY[sdk=iphoneos*]" = "iPhone Developer";
				COPY_PHASE_STRIP = NO;
				DEBUG_INFORMATION_FORMAT = "dwarf-with-dsym";
				ENABLE_NS_ASSERTIONS = NO;
				ENABLE_STRICT_OBJC_MSGSEND = YES;
				GCC_C_LANGUAGE_STANDARD = gnu99;
				GCC_NO_COMMON_BLOCKS = YES;
				GCC_WARN_64_TO_32_BIT_CONVERSION = YES;
				GCC_WARN_ABOUT_RETURN_TYPE = YES_ERROR;
				GCC_WARN_UNDECLARED_SELECTOR = YES;
				GCC_WARN_UNINITIALIZED_AUTOS = YES_AGGRESSIVE;
				GCC_WARN_UNUSED_FUNCTION = YES;
				GCC_WARN_UNUSED_VARIABLE = YES;
				IPHONEOS_DEPLOYMENT_TARGET = 9.3;
				MTL_ENABLE_DEBUG_INFO = NO;
				SDKROOT = iphoneos;
				VALIDATE_PRODUCT = YES;
			};
			name = Release;
		};
		A5A7A5151CA7989F0093E21E /* Debug */ = {
			isa = XCBuildConfiguration;
			buildSettings = {
				ASSETCATALOG_COMPILER_APPICON_NAME = AppIcon;
				INFOPLIST_FILE = GasStationsAppSwift/Info.plist;
				LD_RUNPATH_SEARCH_PATHS = "$(inherited) @executable_path/Frameworks";
				PRODUCT_BUNDLE_IDENTIFIER = com.ibm.mx.techsales.GasStationsAppSwift;
				PRODUCT_NAME = "$(TARGET_NAME)";
			};
			name = Debug;
		};
		A5A7A5161CA7989F0093E21E /* Release */ = {
			isa = XCBuildConfiguration;
			buildSettings = {
				ASSETCATALOG_COMPILER_APPICON_NAME = AppIcon;
				INFOPLIST_FILE = GasStationsAppSwift/Info.plist;
				LD_RUNPATH_SEARCH_PATHS = "$(inherited) @executable_path/Frameworks";
				PRODUCT_BUNDLE_IDENTIFIER = com.ibm.mx.techsales.GasStationsAppSwift;
				PRODUCT_NAME = "$(TARGET_NAME)";
			};
			name = Release;
		};
		A5A7A5181CA7989F0093E21E /* Debug */ = {
			isa = XCBuildConfiguration;
			buildSettings = {
				BUNDLE_LOADER = "$(TEST_HOST)";
				INFOPLIST_FILE = GasStationsAppSwiftTests/Info.plist;
				LD_RUNPATH_SEARCH_PATHS = "$(inherited) @executable_path/Frameworks @loader_path/Frameworks";
				PRODUCT_BUNDLE_IDENTIFIER = com.ibm.mx.techsales.GasStationsAppSwiftTests;
				PRODUCT_NAME = "$(TARGET_NAME)";
				TEST_HOST = "$(BUILT_PRODUCTS_DIR)/GasStationsAppSwift.app/GasStationsAppSwift";
			};
			name = Debug;
		};
		A5A7A5191CA7989F0093E21E /* Release */ = {
			isa = XCBuildConfiguration;
			buildSettings = {
				BUNDLE_LOADER = "$(TEST_HOST)";
				INFOPLIST_FILE = GasStationsAppSwiftTests/Info.plist;
				LD_RUNPATH_SEARCH_PATHS = "$(inherited) @executable_path/Frameworks @loader_path/Frameworks";
				PRODUCT_BUNDLE_IDENTIFIER = com.ibm.mx.techsales.GasStationsAppSwiftTests;
				PRODUCT_NAME = "$(TARGET_NAME)";
				TEST_HOST = "$(BUILT_PRODUCTS_DIR)/GasStationsAppSwift.app/GasStationsAppSwift";
			};
			name = Release;
		};
		A5A7A51B1CA7989F0093E21E /* Debug */ = {
			isa = XCBuildConfiguration;
			buildSettings = {
				INFOPLIST_FILE = GasStationsAppSwiftUITests/Info.plist;
				LD_RUNPATH_SEARCH_PATHS = "$(inherited) @executable_path/Frameworks @loader_path/Frameworks";
				PRODUCT_BUNDLE_IDENTIFIER = com.ibm.mx.techsales.GasStationsAppSwiftUITests;
				PRODUCT_NAME = "$(TARGET_NAME)";
				TEST_TARGET_NAME = GasStationsAppSwift;
			};
			name = Debug;
		};
		A5A7A51C1CA7989F0093E21E /* Release */ = {
			isa = XCBuildConfiguration;
			buildSettings = {
				INFOPLIST_FILE = GasStationsAppSwiftUITests/Info.plist;
				LD_RUNPATH_SEARCH_PATHS = "$(inherited) @executable_path/Frameworks @loader_path/Frameworks";
				PRODUCT_BUNDLE_IDENTIFIER = com.ibm.mx.techsales.GasStationsAppSwiftUITests;
				PRODUCT_NAME = "$(TARGET_NAME)";
				TEST_TARGET_NAME = GasStationsAppSwift;
			};
			name = Release;
		};
/* End XCBuildConfiguration section */

/* Begin XCConfigurationList section */
		A5A7A4E71CA7989E0093E21E /* Build configuration list for PBXProject "GasStationsAppSwift" */ = {
			isa = XCConfigurationList;
			buildConfigurations = (
				A5A7A5121CA7989F0093E21E /* Debug */,
				A5A7A5131CA7989F0093E21E /* Release */,
			);
			defaultConfigurationIsVisible = 0;
			defaultConfigurationName = Release;
		};
		A5A7A5141CA7989F0093E21E /* Build configuration list for PBXNativeTarget "GasStationsAppSwift" */ = {
			isa = XCConfigurationList;
			buildConfigurations = (
				A5A7A5151CA7989F0093E21E /* Debug */,
				A5A7A5161CA7989F0093E21E /* Release */,
			);
			defaultConfigurationIsVisible = 0;
		};
		A5A7A5171CA7989F0093E21E /* Build configuration list for PBXNativeTarget "GasStationsAppSwiftTests" */ = {
			isa = XCConfigurationList;
			buildConfigurations = (
				A5A7A5181CA7989F0093E21E /* Debug */,
				A5A7A5191CA7989F0093E21E /* Release */,
			);
			defaultConfigurationIsVisible = 0;
		};
		A5A7A51A1CA7989F0093E21E /* Build configuration list for PBXNativeTarget "GasStationsAppSwiftUITests" */ = {
			isa = XCConfigurationList;
			buildConfigurations = (
				A5A7A51B1CA7989F0093E21E /* Debug */,
				A5A7A51C1CA7989F0093E21E /* Release */,
			);
			defaultConfigurationIsVisible = 0;
		};
/* End XCConfigurationList section */
	};
	rootObject = A5A7A4E41CA7989E0093E21E /* Project object */;
}
